
Microsoft Visual Studio Solution File, Format Version 12.00
# Visual Studio Version 16
VisualStudioVersion = 16.0.31729.503
MinimumVisualStudioVersion = 10.0.40219.1
Project("{9A19103F-16F7-4668-BE54-9A1E7A4F7556}") = "SellerApp", "SellerApp\SellerApp.csproj", "{77644C06-DBDA-4440-9720-941822BB7400}"
EndProject
Project("{9A19103F-16F7-4668-BE54-9A1E7A4F7556}") = "APIGateway", "APIGateway\APIGateway.csproj", "{B6B88F18-BAD0-43EF-9588-A1E87F6C351C}"
EndProject
Project("{FAE04EC0-301F-11D3-BF4B-00C04F79EFBC}") = "DataAccess", "DataAccess\DataAccess.csproj", "{BC4C4E85-68A9-4ABE-B2A0-06382D1C9B06}"
EndProject
Project("{FAE04EC0-301F-11D3-BF4B-00C04F79EFBC}") = "Common", "Common\Common.csproj", "{CF435DAB-E7F4-4C42-BB3E-95E3D5FBE273}"
EndProject
Global
	GlobalSection(SolutionConfigurationPlatforms) = preSolution
		Debug|Any CPU = Debug|Any CPU
		Release|Any CPU = Release|Any CPU
	EndGlobalSection
	GlobalSection(ProjectConfigurationPlatforms) = postSolution
		{77644C06-DBDA-4440-9720-941822BB7400}.Debug|Any CPU.ActiveCfg = Debug|Any CPU
		{77644C06-DBDA-4440-9720-941822BB7400}.Debug|Any CPU.Build.0 = Debug|Any CPU
		{77644C06-DBDA-4440-9720-941822BB7400}.Release|Any CPU.ActiveCfg = Release|Any CPU
		{77644C06-DBDA-4440-9720-941822BB7400}.Release|Any CPU.Build.0 = Release|Any CPU
		{B6B88F18-BAD0-43EF-9588-A1E87F6C351C}.Debug|Any CPU.ActiveCfg = Debug|Any CPU
		{B6B88F18-BAD0-43EF-9588-A1E87F6C351C}.Debug|Any CPU.Build.0 = Debug|Any CPU
		{B6B88F18-BAD0-43EF-9588-A1E87F6C351C}.Release|Any CPU.ActiveCfg = Release|Any CPU
		{B6B88F18-BAD0-43EF-9588-A1E87F6C351C}.Release|Any CPU.Build.0 = Release|Any CPU
		{BC4C4E85-68A9-4ABE-B2A0-06382D1C9B06}.Debug|Any CPU.ActiveCfg = Debug|Any CPU
		{BC4C4E85-68A9-4ABE-B2A0-06382D1C9B06}.Debug|Any CPU.Build.0 = Debug|Any CPU
		{BC4C4E85-68A9-4ABE-B2A0-06382D1C9B06}.Release|Any CPU.ActiveCfg = Release|Any CPU
		{BC4C4E85-68A9-4ABE-B2A0-06382D1C9B06}.Release|Any CPU.Build.0 = Release|Any CPU
		{CF435DAB-E7F4-4C42-BB3E-95E3D5FBE273}.Debug|Any CPU.ActiveCfg = Debug|Any CPU
		{CF435DAB-E7F4-4C42-BB3E-95E3D5FBE273}.Debug|Any CPU.Build.0 = Debug|Any CPU
		{CF435DAB-E7F4-4C42-BB3E-95E3D5FBE273}.Release|Any CPU.ActiveCfg = Release|Any CPU
		{CF435DAB-E7F4-4C42-BB3E-95E3D5FBE273}.Release|Any CPU.Build.0 = Release|Any CPU
	EndGlobalSection
	GlobalSection(SolutionProperties) = preSolution
		HideSolutionNode = FALSE
	EndGlobalSection
	GlobalSection(ExtensibilityGlobals) = postSolution
		SolutionGuid = {765063DC-8379-4599-90DC-43CC91B963D8}
	EndGlobalSection
EndGlobal
